
Microsoft Visual Studio Solution File, Format Version 12.00
# Visual Studio Version 17
VisualStudioVersion = 17.0.32014.148
MinimumVisualStudioVersion = 10.0.40219.1
Project("{8BC9CEB8-8B4A-11D0-8D11-00A0C91BC942}") = "Aufgabe_2_3_2", "Aufgabe_2_3_2\Aufgabe_2_3_2.vcxproj", "{C6954353-A1F2-42F3-A0AB-28DAEAD0AD94}"
EndProject
Project("{8BC9CEB8-8B4A-11D0-8D11-00A0C91BC942}") = "Beispiel_while_schleife", "Beispiel_while_schleife\Beispiel_while_schleife.vcxproj", "{141FA4C5-EDA8-401D-8096-AC9D4D786F23}"
EndProject
Project("{8BC9CEB8-8B4A-11D0-8D11-00A0C91BC942}") = "Aufgabe_2_2_2", "Aufgabe_2_3_2_\Aufgabe_2_3_2_.vcxproj", "{DB24E126-0616-4CC8-9990-AF62ADB1BC7F}"
EndProject
Project("{8BC9CEB8-8B4A-11D0-8D11-00A0C91BC942}") = "Aufgabe_1_3", "Aufgabe_1_3\Aufgabe_1_3.vcxproj", "{5A0D0EB2-D9A2-401D-9C1B-4B42239DBB5E}"
EndProject
Project("{2150E333-8FDC-42A3-9474-1A3956D46DE8}") = "Aufgaben_1", "Aufgaben_1", "{2ED294C7-8C69-4D22-83B3-B4F54D0DCECC}"
EndProject
Project("{2150E333-8FDC-42A3-9474-1A3956D46DE8}") = "Aufgaben_2", "Aufgaben_2", "{186280BA-C7CC-4B33-9237-BC4DDFB9985C}"
EndProject
Project("{2150E333-8FDC-42A3-9474-1A3956D46DE8}") = "Aufgaben_3", "Aufgaben_3", "{52D015E8-45C9-4E22-9B65-23084C4D6160}"
EndProject
Project("{8BC9CEB8-8B4A-11D0-8D11-00A0C91BC942}") = "Aufgabe_1_1", "Aufgabe_1_1\Aufgabe_1_1.vcxproj", "{8A1D532A-C824-4C28-853A-0092AAABC5E6}"
EndProject
Project("{8BC9CEB8-8B4A-11D0-8D11-00A0C91BC942}") = "Aufgabe_1_2", "Aufgaben_1_2\Aufgaben_1_2.vcxproj", "{642EF8BC-5983-46BA-8C4A-9576E5E48E59}"
EndProject
Project("{8BC9CEB8-8B4A-11D0-8D11-00A0C91BC942}") = "Aufgabe_1_4", "Aufgabe_1_4\Aufgabe_1_4.vcxproj", "{3513B50F-4630-470C-9FE2-37101C02B612}"
EndProject
Project("{8BC9CEB8-8B4A-11D0-8D11-00A0C91BC942}") = "Aufgabe_1_5", "Aufgabe_1_5\Aufgabe_1_5.vcxproj", "{EFB4BCF5-E39C-4686-8DB0-10CFA663113A}"
EndProject
Project("{8BC9CEB8-8B4A-11D0-8D11-00A0C91BC942}") = "Aufgabe_3_1_1", "Aufgabe_3_1_1\Aufgabe_3_1_1.vcxproj", "{54688FA6-8E00-4BF2-A1BB-C694D8A5DD52}"
EndProject
Project("{8BC9CEB8-8B4A-11D0-8D11-00A0C91BC942}") = "Aufgabe_2_2_5", "Aufgabe_2_2_5\Aufgabe_2_2_5.vcxproj", "{F175273E-BBAE-4FD7-AD55-3823970751A5}"
EndProject
Project("{8BC9CEB8-8B4A-11D0-8D11-00A0C91BC942}") = "Aufgabe_3_3_1", "Aufgabe_3_3_1\Aufgabe_3_3_1.vcxproj", "{A7C4C02E-C924-48F9-A79A-3BD82B7B4240}"
EndProject
Project("{2150E333-8FDC-42A3-9474-1A3956D46DE8}") = "Beispiele", "Beispiele", "{A8F3E259-0FDE-4E93-92D1-1995C3A9D41E}"
EndProject
Project("{8BC9CEB8-8B4A-11D0-8D11-00A0C91BC942}") = "Beispiel Zählschleife", "Beispiel Zählschleife\Beispiel Zählschleife.vcxproj", "{B9E1676A-0E9D-4FA0-AF0D-2AA27EBCF051}"
EndProject
Project("{2150E333-8FDC-42A3-9474-1A3956D46DE8}") = "TEST", "TEST", "{C041C292-C6AE-4B4D-BAF2-E5181DD048DD}"
EndProject
Project("{8BC9CEB8-8B4A-11D0-8D11-00A0C91BC942}") = "Grafik_Test", "Grafik_Test\Grafik_Test.vcxproj", "{77B19A17-591B-415C-B927-543C5A5985C2}"
EndProject
Project("{8BC9CEB8-8B4A-11D0-8D11-00A0C91BC942}") = "Pyramide", "Pyramide\Pyramide.vcxproj", "{F3E85713-C487-48F5-94DD-3AA4131FB81D}"
EndProject
Project("{8BC9CEB8-8B4A-11D0-8D11-00A0C91BC942}") = "Kleiner_Taschenrechner", "Kleiner_Taschenrechner\Kleiner_Taschenrechner.vcxproj", "{581AD9D4-0033-4331-BCDA-2EB8D8538276}"
EndProject
Project("{8BC9CEB8-8B4A-11D0-8D11-00A0C91BC942}") = "Aufgabe_2_2_3", "Aufgabe_2_2_3\Aufgabe_2_2_3.vcxproj", "{C3E6B548-1860-44DE-9BBF-531E56FCB4DF}"
EndProject
Project("{8BC9CEB8-8B4A-11D0-8D11-00A0C91BC942}") = "Aufgabe_3_3_1.2", "Aufgabe_3_3_1.2\Aufgabe_3_3_1.2.vcxproj", "{63EE7081-70C7-45B8-B760-42DA296383CF}"
EndProject
Global
	GlobalSection(SolutionConfigurationPlatforms) = preSolution
		Debug|x64 = Debug|x64
		Debug|x86 = Debug|x86
		Release|x64 = Release|x64
		Release|x86 = Release|x86
	EndGlobalSection
	GlobalSection(ProjectConfigurationPlatforms) = postSolution
		{C6954353-A1F2-42F3-A0AB-28DAEAD0AD94}.Debug|x64.ActiveCfg = Debug|x64
		{C6954353-A1F2-42F3-A0AB-28DAEAD0AD94}.Debug|x64.Build.0 = Debug|x64
		{C6954353-A1F2-42F3-A0AB-28DAEAD0AD94}.Debug|x86.ActiveCfg = Debug|Win32
		{C6954353-A1F2-42F3-A0AB-28DAEAD0AD94}.Debug|x86.Build.0 = Debug|Win32
		{C6954353-A1F2-42F3-A0AB-28DAEAD0AD94}.Release|x64.ActiveCfg = Release|x64
		{C6954353-A1F2-42F3-A0AB-28DAEAD0AD94}.Release|x64.Build.0 = Release|x64
		{C6954353-A1F2-42F3-A0AB-28DAEAD0AD94}.Release|x86.ActiveCfg = Release|Win32
		{C6954353-A1F2-42F3-A0AB-28DAEAD0AD94}.Release|x86.Build.0 = Release|Win32
		{141FA4C5-EDA8-401D-8096-AC9D4D786F23}.Debug|x64.ActiveCfg = Debug|x64
		{141FA4C5-EDA8-401D-8096-AC9D4D786F23}.Debug|x64.Build.0 = Debug|x64
		{141FA4C5-EDA8-401D-8096-AC9D4D786F23}.Debug|x86.ActiveCfg = Debug|Win32
		{141FA4C5-EDA8-401D-8096-AC9D4D786F23}.Debug|x86.Build.0 = Debug|Win32
		{141FA4C5-EDA8-401D-8096-AC9D4D786F23}.Release|x64.ActiveCfg = Release|x64
		{141FA4C5-EDA8-401D-8096-AC9D4D786F23}.Release|x64.Build.0 = Release|x64
		{141FA4C5-EDA8-401D-8096-AC9D4D786F23}.Release|x86.ActiveCfg = Release|Win32
		{141FA4C5-EDA8-401D-8096-AC9D4D786F23}.Release|x86.Build.0 = Release|Win32
		{DB24E126-0616-4CC8-9990-AF62ADB1BC7F}.Debug|x64.ActiveCfg = Debug|x64
		{DB24E126-0616-4CC8-9990-AF62ADB1BC7F}.Debug|x64.Build.0 = Debug|x64
		{DB24E126-0616-4CC8-9990-AF62ADB1BC7F}.Debug|x86.ActiveCfg = Debug|Win32
		{DB24E126-0616-4CC8-9990-AF62ADB1BC7F}.Debug|x86.Build.0 = Debug|Win32
		{DB24E126-0616-4CC8-9990-AF62ADB1BC7F}.Release|x64.ActiveCfg = Release|x64
		{DB24E126-0616-4CC8-9990-AF62ADB1BC7F}.Release|x64.Build.0 = Release|x64
		{DB24E126-0616-4CC8-9990-AF62ADB1BC7F}.Release|x86.ActiveCfg = Release|Win32
		{DB24E126-0616-4CC8-9990-AF62ADB1BC7F}.Release|x86.Build.0 = Release|Win32
		{5A0D0EB2-D9A2-401D-9C1B-4B42239DBB5E}.Debug|x64.ActiveCfg = Debug|x64
		{5A0D0EB2-D9A2-401D-9C1B-4B42239DBB5E}.Debug|x64.Build.0 = Debug|x64
		{5A0D0EB2-D9A2-401D-9C1B-4B42239DBB5E}.Debug|x86.ActiveCfg = Debug|Win32
		{5A0D0EB2-D9A2-401D-9C1B-4B42239DBB5E}.Debug|x86.Build.0 = Debug|Win32
		{5A0D0EB2-D9A2-401D-9C1B-4B42239DBB5E}.Release|x64.ActiveCfg = Release|x64
		{5A0D0EB2-D9A2-401D-9C1B-4B42239DBB5E}.Release|x64.Build.0 = Release|x64
		{5A0D0EB2-D9A2-401D-9C1B-4B42239DBB5E}.Release|x86.ActiveCfg = Release|Win32
		{5A0D0EB2-D9A2-401D-9C1B-4B42239DBB5E}.Release|x86.Build.0 = Release|Win32
		{8A1D532A-C824-4C28-853A-0092AAABC5E6}.Debug|x64.ActiveCfg = Debug|x64
		{8A1D532A-C824-4C28-853A-0092AAABC5E6}.Debug|x64.Build.0 = Debug|x64
		{8A1D532A-C824-4C28-853A-0092AAABC5E6}.Debug|x86.ActiveCfg = Debug|Win32
		{8A1D532A-C824-4C28-853A-0092AAABC5E6}.Debug|x86.Build.0 = Debug|Win32
		{8A1D532A-C824-4C28-853A-0092AAABC5E6}.Release|x64.ActiveCfg = Release|x64
		{8A1D532A-C824-4C28-853A-0092AAABC5E6}.Release|x64.Build.0 = Release|x64
		{8A1D532A-C824-4C28-853A-0092AAABC5E6}.Release|x86.ActiveCfg = Release|Win32
		{8A1D532A-C824-4C28-853A-0092AAABC5E6}.Release|x86.Build.0 = Release|Win32
		{642EF8BC-5983-46BA-8C4A-9576E5E48E59}.Debug|x64.ActiveCfg = Debug|x64
		{642EF8BC-5983-46BA-8C4A-9576E5E48E59}.Debug|x64.Build.0 = Debug|x64
		{642EF8BC-5983-46BA-8C4A-9576E5E48E59}.Debug|x86.ActiveCfg = Debug|Win32
		{642EF8BC-5983-46BA-8C4A-9576E5E48E59}.Debug|x86.Build.0 = Debug|Win32
		{642EF8BC-5983-46BA-8C4A-9576E5E48E59}.Release|x64.ActiveCfg = Release|x64
		{642EF8BC-5983-46BA-8C4A-9576E5E48E59}.Release|x64.Build.0 = Release|x64
		{642EF8BC-5983-46BA-8C4A-9576E5E48E59}.Release|x86.ActiveCfg = Release|Win32
		{642EF8BC-5983-46BA-8C4A-9576E5E48E59}.Release|x86.Build.0 = Release|Win32
		{3513B50F-4630-470C-9FE2-37101C02B612}.Debug|x64.ActiveCfg = Debug|x64
		{3513B50F-4630-470C-9FE2-37101C02B612}.Debug|x64.Build.0 = Debug|x64
		{3513B50F-4630-470C-9FE2-37101C02B612}.Debug|x86.ActiveCfg = Debug|Win32
		{3513B50F-4630-470C-9FE2-37101C02B612}.Debug|x86.Build.0 = Debug|Win32
		{3513B50F-4630-470C-9FE2-37101C02B612}.Release|x64.ActiveCfg = Release|x64
		{3513B50F-4630-470C-9FE2-37101C02B612}.Release|x64.Build.0 = Release|x64
		{3513B50F-4630-470C-9FE2-37101C02B612}.Release|x86.ActiveCfg = Release|Win32
		{3513B50F-4630-470C-9FE2-37101C02B612}.Release|x86.Build.0 = Release|Win32
		{EFB4BCF5-E39C-4686-8DB0-10CFA663113A}.Debug|x64.ActiveCfg = Debug|x64
		{EFB4BCF5-E39C-4686-8DB0-10CFA663113A}.Debug|x64.Build.0 = Debug|x64
		{EFB4BCF5-E39C-4686-8DB0-10CFA663113A}.Debug|x86.ActiveCfg = Debug|Win32
		{EFB4BCF5-E39C-4686-8DB0-10CFA663113A}.Debug|x86.Build.0 = Debug|Win32
		{EFB4BCF5-E39C-4686-8DB0-10CFA663113A}.Release|x64.ActiveCfg = Release|x64
		{EFB4BCF5-E39C-4686-8DB0-10CFA663113A}.Release|x64.Build.0 = Release|x64
		{EFB4BCF5-E39C-4686-8DB0-10CFA663113A}.Release|x86.ActiveCfg = Release|Win32
		{EFB4BCF5-E39C-4686-8DB0-10CFA663113A}.Release|x86.Build.0 = Release|Win32
		{54688FA6-8E00-4BF2-A1BB-C694D8A5DD52}.Debug|x64.ActiveCfg = Debug|x64
		{54688FA6-8E00-4BF2-A1BB-C694D8A5DD52}.Debug|x64.Build.0 = Debug|x64
		{54688FA6-8E00-4BF2-A1BB-C694D8A5DD52}.Debug|x86.ActiveCfg = Debug|Win32
		{54688FA6-8E00-4BF2-A1BB-C694D8A5DD52}.Debug|x86.Build.0 = Debug|Win32
		{54688FA6-8E00-4BF2-A1BB-C694D8A5DD52}.Release|x64.ActiveCfg = Release|x64
		{54688FA6-8E00-4BF2-A1BB-C694D8A5DD52}.Release|x64.Build.0 = Release|x64
		{54688FA6-8E00-4BF2-A1BB-C694D8A5DD52}.Release|x86.ActiveCfg = Release|Win32
		{54688FA6-8E00-4BF2-A1BB-C694D8A5DD52}.Release|x86.Build.0 = Release|Win32
		{F175273E-BBAE-4FD7-AD55-3823970751A5}.Debug|x64.ActiveCfg = Debug|x64
		{F175273E-BBAE-4FD7-AD55-3823970751A5}.Debug|x64.Build.0 = Debug|x64
		{F175273E-BBAE-4FD7-AD55-3823970751A5}.Debug|x86.ActiveCfg = Debug|Win32
		{F175273E-BBAE-4FD7-AD55-3823970751A5}.Debug|x86.Build.0 = Debug|Win32
		{F175273E-BBAE-4FD7-AD55-3823970751A5}.Release|x64.ActiveCfg = Release|x64
		{F175273E-BBAE-4FD7-AD55-3823970751A5}.Release|x64.Build.0 = Release|x64
		{F175273E-BBAE-4FD7-AD55-3823970751A5}.Release|x86.ActiveCfg = Release|Win32
		{F175273E-BBAE-4FD7-AD55-3823970751A5}.Release|x86.Build.0 = Release|Win32
		{A7C4C02E-C924-48F9-A79A-3BD82B7B4240}.Debug|x64.ActiveCfg = Debug|x64
		{A7C4C02E-C924-48F9-A79A-3BD82B7B4240}.Debug|x64.Build.0 = Debug|x64
		{A7C4C02E-C924-48F9-A79A-3BD82B7B4240}.Debug|x86.ActiveCfg = Debug|Win32
		{A7C4C02E-C924-48F9-A79A-3BD82B7B4240}.Debug|x86.Build.0 = Debug|Win32
		{A7C4C02E-C924-48F9-A79A-3BD82B7B4240}.Release|x64.ActiveCfg = Release|x64
		{A7C4C02E-C924-48F9-A79A-3BD82B7B4240}.Release|x64.Build.0 = Release|x64
		{A7C4C02E-C924-48F9-A79A-3BD82B7B4240}.Release|x86.ActiveCfg = Release|Win32
		{A7C4C02E-C924-48F9-A79A-3BD82B7B4240}.Release|x86.Build.0 = Release|Win32
		{B9E1676A-0E9D-4FA0-AF0D-2AA27EBCF051}.Debug|x64.ActiveCfg = Debug|x64
		{B9E1676A-0E9D-4FA0-AF0D-2AA27EBCF051}.Debug|x64.Build.0 = Debug|x64
		{B9E1676A-0E9D-4FA0-AF0D-2AA27EBCF051}.Debug|x86.ActiveCfg = Debug|Win32
		{B9E1676A-0E9D-4FA0-AF0D-2AA27EBCF051}.Debug|x86.Build.0 = Debug|Win32
		{B9E1676A-0E9D-4FA0-AF0D-2AA27EBCF051}.Release|x64.ActiveCfg = Release|x64
		{B9E1676A-0E9D-4FA0-AF0D-2AA27EBCF051}.Release|x64.Build.0 = Release|x64
		{B9E1676A-0E9D-4FA0-AF0D-2AA27EBCF051}.Release|x86.ActiveCfg = Release|Win32
		{B9E1676A-0E9D-4FA0-AF0D-2AA27EBCF051}.Release|x86.Build.0 = Release|Win32
		{77B19A17-591B-415C-B927-543C5A5985C2}.Debug|x64.ActiveCfg = Debug|x64
		{77B19A17-591B-415C-B927-543C5A5985C2}.Debug|x64.Build.0 = Debug|x64
		{77B19A17-591B-415C-B927-543C5A5985C2}.Debug|x86.ActiveCfg = Debug|Win32
		{77B19A17-591B-415C-B927-543C5A5985C2}.Debug|x86.Build.0 = Debug|Win32
		{77B19A17-591B-415C-B927-543C5A5985C2}.Release|x64.ActiveCfg = Release|x64
		{77B19A17-591B-415C-B927-543C5A5985C2}.Release|x64.Build.0 = Release|x64
		{77B19A17-591B-415C-B927-543C5A5985C2}.Release|x86.ActiveCfg = Release|Win32
		{77B19A17-591B-415C-B927-543C5A5985C2}.Release|x86.Build.0 = Release|Win32
		{F3E85713-C487-48F5-94DD-3AA4131FB81D}.Debug|x64.ActiveCfg = Debug|x64
		{F3E85713-C487-48F5-94DD-3AA4131FB81D}.Debug|x64.Build.0 = Debug|x64
		{F3E85713-C487-48F5-94DD-3AA4131FB81D}.Debug|x86.ActiveCfg = Debug|Win32
		{F3E85713-C487-48F5-94DD-3AA4131FB81D}.Debug|x86.Build.0 = Debug|Win32
		{F3E85713-C487-48F5-94DD-3AA4131FB81D}.Release|x64.ActiveCfg = Release|x64
		{F3E85713-C487-48F5-94DD-3AA4131FB81D}.Release|x64.Build.0 = Release|x64
		{F3E85713-C487-48F5-94DD-3AA4131FB81D}.Release|x86.ActiveCfg = Release|Win32
		{F3E85713-C487-48F5-94DD-3AA4131FB81D}.Release|x86.Build.0 = Release|Win32
		{581AD9D4-0033-4331-BCDA-2EB8D8538276}.Debug|x64.ActiveCfg = Debug|x64
		{581AD9D4-0033-4331-BCDA-2EB8D8538276}.Debug|x64.Build.0 = Debug|x64
		{581AD9D4-0033-4331-BCDA-2EB8D8538276}.Debug|x86.ActiveCfg = Debug|Win32
		{581AD9D4-0033-4331-BCDA-2EB8D8538276}.Debug|x86.Build.0 = Debug|Win32
		{581AD9D4-0033-4331-BCDA-2EB8D8538276}.Release|x64.ActiveCfg = Release|x64
		{581AD9D4-0033-4331-BCDA-2EB8D8538276}.Release|x64.Build.0 = Release|x64
		{581AD9D4-0033-4331-BCDA-2EB8D8538276}.Release|x86.ActiveCfg = Release|Win32
		{581AD9D4-0033-4331-BCDA-2EB8D8538276}.Release|x86.Build.0 = Release|Win32
		{C3E6B548-1860-44DE-9BBF-531E56FCB4DF}.Debug|x64.ActiveCfg = Debug|x64
		{C3E6B548-1860-44DE-9BBF-531E56FCB4DF}.Debug|x64.Build.0 = Debug|x64
		{C3E6B548-1860-44DE-9BBF-531E56FCB4DF}.Debug|x86.ActiveCfg = Debug|Win32
		{C3E6B548-1860-44DE-9BBF-531E56FCB4DF}.Debug|x86.Build.0 = Debug|Win32
		{C3E6B548-1860-44DE-9BBF-531E56FCB4DF}.Release|x64.ActiveCfg = Release|x64
		{C3E6B548-1860-44DE-9BBF-531E56FCB4DF}.Release|x64.Build.0 = Release|x64
		{C3E6B548-1860-44DE-9BBF-531E56FCB4DF}.Release|x86.ActiveCfg = Release|Win32
		{C3E6B548-1860-44DE-9BBF-531E56FCB4DF}.Release|x86.Build.0 = Release|Win32
		{63EE7081-70C7-45B8-B760-42DA296383CF}.Debug|x64.ActiveCfg = Debug|x64
		{63EE7081-70C7-45B8-B760-42DA296383CF}.Debug|x64.Build.0 = Debug|x64
		{63EE7081-70C7-45B8-B760-42DA296383CF}.Debug|x86.ActiveCfg = Debug|Win32
		{63EE7081-70C7-45B8-B760-42DA296383CF}.Debug|x86.Build.0 = Debug|Win32
		{63EE7081-70C7-45B8-B760-42DA296383CF}.Release|x64.ActiveCfg = Release|x64
		{63EE7081-70C7-45B8-B760-42DA296383CF}.Release|x64.Build.0 = Release|x64
		{63EE7081-70C7-45B8-B760-42DA296383CF}.Release|x86.ActiveCfg = Release|Win32
		{63EE7081-70C7-45B8-B760-42DA296383CF}.Release|x86.Build.0 = Release|Win32
	EndGlobalSection
	GlobalSection(SolutionProperties) = preSolution
		HideSolutionNode = FALSE
	EndGlobalSection
	GlobalSection(NestedProjects) = preSolution
		{C6954353-A1F2-42F3-A0AB-28DAEAD0AD94} = {186280BA-C7CC-4B33-9237-BC4DDFB9985C}
		{141FA4C5-EDA8-401D-8096-AC9D4D786F23} = {A8F3E259-0FDE-4E93-92D1-1995C3A9D41E}
		{DB24E126-0616-4CC8-9990-AF62ADB1BC7F} = {186280BA-C7CC-4B33-9237-BC4DDFB9985C}
		{5A0D0EB2-D9A2-401D-9C1B-4B42239DBB5E} = {2ED294C7-8C69-4D22-83B3-B4F54D0DCECC}
		{8A1D532A-C824-4C28-853A-0092AAABC5E6} = {2ED294C7-8C69-4D22-83B3-B4F54D0DCECC}
		{642EF8BC-5983-46BA-8C4A-9576E5E48E59} = {2ED294C7-8C69-4D22-83B3-B4F54D0DCECC}
		{3513B50F-4630-470C-9FE2-37101C02B612} = {2ED294C7-8C69-4D22-83B3-B4F54D0DCECC}
		{EFB4BCF5-E39C-4686-8DB0-10CFA663113A} = {2ED294C7-8C69-4D22-83B3-B4F54D0DCECC}
		{54688FA6-8E00-4BF2-A1BB-C694D8A5DD52} = {52D015E8-45C9-4E22-9B65-23084C4D6160}
		{F175273E-BBAE-4FD7-AD55-3823970751A5} = {186280BA-C7CC-4B33-9237-BC4DDFB9985C}
		{A7C4C02E-C924-48F9-A79A-3BD82B7B4240} = {52D015E8-45C9-4E22-9B65-23084C4D6160}
		{B9E1676A-0E9D-4FA0-AF0D-2AA27EBCF051} = {A8F3E259-0FDE-4E93-92D1-1995C3A9D41E}
		{77B19A17-591B-415C-B927-543C5A5985C2} = {C041C292-C6AE-4B4D-BAF2-E5181DD048DD}
		{F3E85713-C487-48F5-94DD-3AA4131FB81D} = {A8F3E259-0FDE-4E93-92D1-1995C3A9D41E}
		{581AD9D4-0033-4331-BCDA-2EB8D8538276} = {A8F3E259-0FDE-4E93-92D1-1995C3A9D41E}
		{C3E6B548-1860-44DE-9BBF-531E56FCB4DF} = {186280BA-C7CC-4B33-9237-BC4DDFB9985C}
		{63EE7081-70C7-45B8-B760-42DA296383CF} = {52D015E8-45C9-4E22-9B65-23084C4D6160}
	EndGlobalSection
	GlobalSection(ExtensibilityGlobals) = postSolution
		SolutionGuid = {2A30FCCB-2C3F-49FE-9BF3-8E764A1BE2AA}
	EndGlobalSection
EndGlobal
